{
  "requires": true,
  "lockfileVersion": 1,
  "dependencies": {
    "coffee-script": {
      "version": "1.12.7",
      "resolved": "https://registry.npmjs.org/coffee-script/-/coffee-script-1.12.7.tgz",
      "integrity": "sha512-fLeEhqwymYat/MpTPUjSKHVYYl0ec2mOyALEMLmzr5i1isuG+6jfI2j2d5oBO3VIzgUXgBVIcOT9uH1TFxBckw=="
    },
    "no": {
      "version": "0.0.1",
      "resolved": "https://registry.npmjs.org/no/-/no-0.0.1.tgz",
      "integrity": "sha1-H77GzZHqzC3v5ZF9/+qQ7cjrXfY=",
      "requires": {
        "coffee-script": "*"
      }
    },
    "optional": {
      "version": "0.1.4",
      "resolved": "https://registry.npmjs.org/optional/-/optional-0.1.4.tgz",
      "integrity": "sha512-gtvrrCfkE08wKcgXaVwQVgwEQ8vel2dc5DDBn9RLQZ3YtmtkBss6A2HY6BnJH4N/4Ku97Ri/SF8sNWE2225WJw=="
    }
  }
}
